
Microsoft Visual Studio Solution File, Format Version 12.00
# Visual Studio 15
VisualStudioVersion = 15.0.27428.1
MinimumVisualStudioVersion = 10.0.40219.1
Project("{FAE04EC0-301F-11D3-BF4B-00C04F79EFBC}") = "pro", "pro\pro.csproj", "{AEB0678D-4C66-4AB5-8E70-A98D5B66270A}"
EndProject
Global
	GlobalSection(SolutionConfigurationPlatforms) = preSolution
		Debug|Any CPU = Debug|Any CPU
		Release|Any CPU = Release|Any CPU
	EndGlobalSection
	GlobalSection(ProjectConfigurationPlatforms) = postSolution
		{AEB0678D-4C66-4AB5-8E70-A98D5B66270A}.Debug|Any CPU.ActiveCfg = Debug|Any CPU
		{AEB0678D-4C66-4AB5-8E70-A98D5B66270A}.Debug|Any CPU.Build.0 = Debug|Any CPU
		{AEB0678D-4C66-4AB5-8E70-A98D5B66270A}.Release|Any CPU.ActiveCfg = Release|Any CPU
		{AEB0678D-4C66-4AB5-8E70-A98D5B66270A}.Release|Any CPU.Build.0 = Release|Any CPU
	EndGlobalSection
	GlobalSection(SolutionProperties) = preSolution
		HideSolutionNode = FALSE
	EndGlobalSection
	GlobalSection(ExtensibilityGlobals) = postSolution
		SolutionGuid = {962ABE1C-0952-4B94-9D43-C883605DC226}
	EndGlobalSection
EndGlobal
